
Microsoft Visual Studio Solution File, Format Version 12.00
# Visual Studio 15
VisualStudioVersion = 15.0.27130.2027
MinimumVisualStudioVersion = 10.0.40219.1
Project("{FAE04EC0-301F-11D3-BF4B-00C04F79EFBC}") = "U3_Scrabble_Jakob", "U3_Scrabble_Jakob\U3_Scrabble_Jakob.csproj", "{50A4E6AF-D025-46D9-8BB2-EDA60FDA9EB4}"
EndProject
Global
	GlobalSection(SolutionConfigurationPlatforms) = preSolution
		Debug|Any CPU = Debug|Any CPU
		Release|Any CPU = Release|Any CPU
	EndGlobalSection
	GlobalSection(ProjectConfigurationPlatforms) = postSolution
		{50A4E6AF-D025-46D9-8BB2-EDA60FDA9EB4}.Debug|Any CPU.ActiveCfg = Debug|Any CPU
		{50A4E6AF-D025-46D9-8BB2-EDA60FDA9EB4}.Debug|Any CPU.Build.0 = Debug|Any CPU
		{50A4E6AF-D025-46D9-8BB2-EDA60FDA9EB4}.Release|Any CPU.ActiveCfg = Release|Any CPU
		{50A4E6AF-D025-46D9-8BB2-EDA60FDA9EB4}.Release|Any CPU.Build.0 = Release|Any CPU
	EndGlobalSection
	GlobalSection(SolutionProperties) = preSolution
		HideSolutionNode = FALSE
	EndGlobalSection
	GlobalSection(ExtensibilityGlobals) = postSolution
		SolutionGuid = {6A456734-E8E0-4086-8EBE-9FD67751A196}
	EndGlobalSection
EndGlobal
